
Microsoft Visual Studio Solution File, Format Version 12.00
# Visual Studio Version 16
VisualStudioVersion = 16.0.30011.22
MinimumVisualStudioVersion = 10.0.40219.1
Project("{9A19103F-16F7-4668-BE54-9A1E7A4F7556}") = "UserService", "UserService\UserService.csproj", "{2DAA7B0B-4B28-4102-AC94-557BC6A88318}"
EndProject
Project("{E53339B2-1760-4266-BCC7-CA923CBCF16C}") = "docker-compose", "docker-compose.dcproj", "{4F76FD92-54EB-44B7-BC5B-6D1B5D794AAD}"
EndProject
Project("{FAE04EC0-301F-11D3-BF4B-00C04F79EFBC}") = "AuthenticationService", "..\AuthenticationService\AuthenticationService.csproj", "{33C6762E-63A0-48D1-AD41-C13B8E174915}"
EndProject
Global
	GlobalSection(SolutionConfigurationPlatforms) = preSolution
		Debug|Any CPU = Debug|Any CPU
		Release|Any CPU = Release|Any CPU
	EndGlobalSection
	GlobalSection(ProjectConfigurationPlatforms) = postSolution
		{2DAA7B0B-4B28-4102-AC94-557BC6A88318}.Debug|Any CPU.ActiveCfg = Debug|Any CPU
		{2DAA7B0B-4B28-4102-AC94-557BC6A88318}.Debug|Any CPU.Build.0 = Debug|Any CPU
		{2DAA7B0B-4B28-4102-AC94-557BC6A88318}.Release|Any CPU.ActiveCfg = Release|Any CPU
		{2DAA7B0B-4B28-4102-AC94-557BC6A88318}.Release|Any CPU.Build.0 = Release|Any CPU
		{4F76FD92-54EB-44B7-BC5B-6D1B5D794AAD}.Debug|Any CPU.ActiveCfg = Debug|Any CPU
		{4F76FD92-54EB-44B7-BC5B-6D1B5D794AAD}.Debug|Any CPU.Build.0 = Debug|Any CPU
		{4F76FD92-54EB-44B7-BC5B-6D1B5D794AAD}.Release|Any CPU.ActiveCfg = Release|Any CPU
		{4F76FD92-54EB-44B7-BC5B-6D1B5D794AAD}.Release|Any CPU.Build.0 = Release|Any CPU
		{33C6762E-63A0-48D1-AD41-C13B8E174915}.Debug|Any CPU.ActiveCfg = Debug|Any CPU
		{33C6762E-63A0-48D1-AD41-C13B8E174915}.Debug|Any CPU.Build.0 = Debug|Any CPU
		{33C6762E-63A0-48D1-AD41-C13B8E174915}.Release|Any CPU.ActiveCfg = Release|Any CPU
		{33C6762E-63A0-48D1-AD41-C13B8E174915}.Release|Any CPU.Build.0 = Release|Any CPU
	EndGlobalSection
	GlobalSection(SolutionProperties) = preSolution
		HideSolutionNode = FALSE
	EndGlobalSection
	GlobalSection(ExtensibilityGlobals) = postSolution
		SolutionGuid = {7A3610F4-CB52-4445-893F-2D2EBBC106AB}
	EndGlobalSection
EndGlobal
